// !$*UTF8*$!
{
	archiveVersion = 1;
	classes = {
	};
	objectVersion = 77;
	objects = {

/* Begin PBXContainerItemProxy section */
		37BCA6502FAFC9940019B4BC /* PBXContainerItemProxy */ = {
			isa = PBXContainerItemProxy;
			containerPortal = 37BCA63A2FAFC9920019B4BC /* Project object */;
			proxyType = 1;
			remoteGlobalIDString = 37BCA6412FAFC9920019B4BC;
			remoteInfo = "odoo-ios-task-manager";
		};
		37BCA65A2FAFC9940019B4BC /* PBXContainerItemProxy */ = {
			isa = PBXContainerItemProxy;
			containerPortal = 37BCA63A2FAFC9920019B4BC /* Project object */;
			proxyType = 1;
			remoteGlobalIDString = 37BCA6412FAFC9920019B4BC;
			remoteInfo = "odoo-ios-task-manager";
		};
/* End PBXContainerItemProxy section */

/* Begin PBXFileReference section */
		37BCA6422FAFC9920019B4BC /* odoo-ios-task-manager.app */ = {isa = PBXFileReference; explicitFileType = wrapper.application; includeInIndex = 0; path = "odoo-ios-task-manager.app"; sourceTree = BUILT_PRODUCTS_DIR; };
		37BCA64F2FAFC9940019B4BC /* odoo-ios-task-managerTests.xctest */ = {isa = PBXFileReference; explicitFileType = wrapper.cfbundle; includeInIndex = 0; path = "odoo-ios-task-managerTests.xctest"; sourceTree = BUILT_PRODUCTS_DIR; };
		37BCA6592FAFC9940019B4BC /* odoo-ios-task-managerUITests.xctest */ = {isa = PBXFileReference; explicitFileType = wrapper.cfbundle; includeInIndex = 0; path = "odoo-ios-task-managerUITests.xctest"; sourceTree = BUILT_PRODUCTS_DIR; };
/* End PBXFileReference section */

/* Begin PBXFileSystemSynchronizedRootGroup section */
		37BCA6442FAFC9920019B4BC /* odoo-ios-task-manager */ = {
			isa = PBXFileSystemSynchronizedRootGroup;
			path = "odoo-ios-task-manager";
			sourceTree = "<group>";
		};
		37BCA6522FAFC9940019B4BC /* odoo-ios-task-managerTests */ = {
			isa = PBXFileSystemSynchronizedRootGroup;
			path = "odoo-ios-task-managerTests";
			sourceTree = "<group>";
		};
		37BCA65C2FAFC9940019B4BC /* odoo-ios-task-managerUITests */ = {
			isa = PBXFileSystemSynchronizedRootGroup;
			path = "odoo-ios-task-managerUITests";
			sourceTree = "<group>";
		};
/* End PBXFileSystemSynchronizedRootGroup section */

/* Begin PBXFrameworksBuildPhase section */
		37BCA63F2FAFC9920019B4BC /* Frameworks */ = {
			isa = PBXFrameworksBuildPhase;
			buildActionMask = 2147483647;
			files = (
			);
			runOnlyForDeploymentPostprocessing = 0;
		};
		37BCA64C2FAFC9940019B4BC /* Frameworks */ = {
			isa = PBXFrameworksBuildPhase;
			buildActionMask = 2147483647;
			files = (
			);
			runOnlyForDeploymentPostprocessing = 0;
		};
		37BCA6562FAFC9940019B4BC /* Frameworks */ = {
			isa = PBXFrameworksBuildPhase;
			buildActionMask = 2147483647;
			files = (
			);
			runOnlyForDeploymentPostprocessing = 0;
		};
/* End PBXFrameworksBuildPhase section */

/* Begin PBXGroup section */
		37BCA6392FAFC9920019B4BC = {
			isa = PBXGroup;
			children = (
				37BCA6442FAFC9920019B4BC /* odoo-ios-task-manager */,
				37BCA6522FAFC9940019B4BC /* odoo-ios-task-managerTests */,
				37BCA65C2FAFC9940019B4BC /* odoo-ios-task-managerUITests */,
				37BCA6432FAFC9920019B4BC /* Products */,
			);
			sourceTree = "<group>";
		};
		37BCA6432FAFC9920019B4BC /* Products */ = {
			isa = PBXGroup;
			children = (
				37BCA6422FAFC9920019B4BC /* odoo-ios-task-manager.app */,
				37BCA64F2FAFC9940019B4BC /* odoo-ios-task-managerTests.xctest */,
				37BCA6592FAFC9940019B4BC /* odoo-ios-task-managerUITests.xctest */,
			);
			name = Products;
			sourceTree = "<group>";
		};
/* End PBXGroup section */

/* Begin PBXNativeTarget section */
		37BCA6412FAFC9920019B4BC /* odoo-ios-task-manager */ = {
			isa = PBXNativeTarget;
			buildConfigurationList = 37BCA6632FAFC9940019B4BC /* Build configuration list for PBXNativeTarget "odoo-ios-task-manager" */;
			buildPhases = (
				37BCA63E2FAFC9920019B4BC /* Sources */,
				37BCA63F2FAFC9920019B4BC /* Frameworks */,
				37BCA6402FAFC9920019B4BC /* Resources */,
			);
			buildRules = (
			);
			dependencies = (
			);
			fileSystemSynchronizedGroups = (
				37BCA6442FAFC9920019B4BC /* odoo-ios-task-manager */,
			);
			name = "odoo-ios-task-manager";
			packageProductDependencies = (
			);
			productName = "odoo-ios-task-manager";
			productReference = 37BCA6422FAFC9920019B4BC /* odoo-ios-task-manager.app */;
			productType = "com.apple.product-type.application";
		};
		37BCA64E2FAFC9940019B4BC /* odoo-ios-task-managerTests */ = {
			isa = PBXNativeTarget;
			buildConfigurationList = 37BCA6662FAFC9940019B4BC /* Build configuration list for PBXNativeTarget "odoo-ios-task-managerTests" */;
			buildPhases = (
				37BCA64B2FAFC9940019B4BC /* Sources */,
				37BCA64C2FAFC9940019B4BC /* Frameworks */,
				37BCA64D2FAFC9940019B4BC /* Resources */,
			);
			buildRules = (
			);
			dependencies = (
				37BCA6512FAFC9940019B4BC /* PBXTargetDependency */,
			);
			fileSystemSynchronizedGroups = (
				37BCA6522FAFC9940019B4BC /* odoo-ios-task-managerTests */,
			);
			name = "odoo-ios-task-managerTests";
			packageProductDependencies = (
			);
			productName = "odoo-ios-task-managerTests";
			productReference = 37BCA64F2FAFC9940019B4BC /* odoo-ios-task-managerTests.xctest */;
			productType = "com.apple.product-type.bundle.unit-test";
		};
		37BCA6582FAFC9940019B4BC /* odoo-ios-task-managerUITests */ = {
			isa = PBXNativeTarget;
			buildConfigurationList = 37BCA6692FAFC9940019B4BC /* Build configuration list for PBXNativeTarget "odoo-ios-task-managerUITests" */;
			buildPhases = (
				37BCA6552FAFC9940019B4BC /* Sources */,
				37BCA6562FAFC9940019B4BC /* Frameworks */,
				37BCA6572FAFC9940019B4BC /* Resources */,
			);
			buildRules = (
			);
			dependencies = (
				37BCA65B2FAFC9940019B4BC /* PBXTargetDependency */,
			);
			fileSystemSynchronizedGroups = (
				37BCA65C2FAFC9940019B4BC /* odoo-ios-task-managerUITests */,
			);
			name = "odoo-ios-task-managerUITests";
			packageProductDependencies = (
			);
			productName = "odoo-ios-task-managerUITests";
			productReference = 37BCA6592FAFC9940019B4BC /* odoo-ios-task-managerUITests.xctest */;
			productType = "com.apple.product-type.bundle.ui-testing";
		};
/* End PBXNativeTarget section */

/* Begin PBXProject section */
		37BCA63A2FAFC9920019B4BC /* Project object */ = {
			isa = PBXProject;
			attributes = {
				BuildIndependentTargetsInParallel = 1;
				LastSwiftUpdateCheck = 2630;
				LastUpgradeCheck = 2630;
				TargetAttributes = {
					37BCA6412FAFC9920019B4BC = {
						CreatedOnToolsVersion = 26.3;
					};
					37BCA64E2FAFC9940019B4BC = {
						CreatedOnToolsVersion = 26.3;
						TestTargetID = 37BCA6412FAFC9920019B4BC;
					};
					37BCA6582FAFC9940019B4BC = {
						CreatedOnToolsVersion = 26.3;
						TestTargetID = 37BCA6412FAFC9920019B4BC;
					};
				};
			};
			buildConfigurationList = 37BCA63D2FAFC9920019B4BC /* Build configuration list for PBXProject "odoo-ios-task-manager" */;
			developmentRegion = en;
			hasScannedForEncodings = 0;
			knownRegions = (
				en,
				Base,
			);
			mainGroup = 37BCA6392FAFC9920019B4BC;
			minimizedProjectReferenceProxies = 1;
			preferredProjectObjectVersion = 77;
			productRefGroup = 37BCA6432FAFC9920019B4BC /* Products */;
			projectDirPath = "";
			projectRoot = "";
			targets = (
				37BCA6412FAFC9920019B4BC /* odoo-ios-task-manager */,
				37BCA64E2FAFC9940019B4BC /* odoo-ios-task-managerTests */,
				37BCA6582FAFC9940019B4BC /* odoo-ios-task-managerUITests */,
			);
		};
/* End PBXProject section */

/* Begin PBXResourcesBuildPhase section */
		37BCA6402FAFC9920019B4BC /* Resources */ = {
			isa = PBXResourcesBuildPhase;
			buildActionMask = 2147483647;
			files = (
			);
			runOnlyForDeploymentPostprocessing = 0;
		};
		37BCA64D2FAFC9940019B4BC /* Resources */ = {
			isa = PBXResourcesBuildPhase;
			buildActionMask = 2147483647;
			files = (
			);
			runOnlyForDeploymentPostprocessing = 0;
		};
		37BCA6572FAFC9940019B4BC /* Resources */ = {
			isa = PBXResourcesBuildPhase;
			buildActionMask = 2147483647;
			files = (
			);
			runOnlyForDeploymentPostprocessing = 0;
		};
/* End PBXResourcesBuildPhase section */

/* Begin PBXSourcesBuildPhase section */
		37BCA63E2FAFC9920019B4BC /* Sources */ = {
			isa = PBXSourcesBuildPhase;
			buildActionMask = 2147483647;
			files = (
			);
			runOnlyForDeploymentPostprocessing = 0;
		};
		37BCA64B2FAFC9940019B4BC /* Sources */ = {
			isa = PBXSourcesBuildPhase;
			buildActionMask = 2147483647;
			files = (
			);
			runOnlyForDeploymentPostprocessing = 0;
		};
		37BCA6552FAFC9940019B4BC /* Sources */ = {
			isa = PBXSourcesBuildPhase;
			buildActionMask = 2147483647;
			files = (
			);
			runOnlyForDeploymentPostprocessing = 0;
		};
/* End PBXSourcesBuildPhase section */

/* Begin PBXTargetDependency section */
		37BCA6512FAFC9940019B4BC /* PBXTargetDependency */ = {
			isa = PBXTargetDependency;
			target = 37BCA6412FAFC9920019B4BC /* odoo-ios-task-manager */;
			targetProxy = 37BCA6502FAFC9940019B4BC /* PBXContainerItemProxy */;
		};
		37BCA65B2FAFC9940019B4BC /* PBXTargetDependency */ = {
			isa = PBXTargetDependency;
			target = 37BCA6412FAFC9920019B4BC /* odoo-ios-task-manager */;
			targetProxy = 37BCA65A2FAFC9940019B4BC /* PBXContainerItemProxy */;
		};
/* End PBXTargetDependency section */

/* Begin XCBuildConfiguration section */
		37BCA6612FAFC9940019B4BC /* Debug */ = {
			isa = XCBuildConfiguration;
			buildSettings = {
				ALWAYS_SEARCH_USER_PATHS = NO;
				ASSETCATALOG_COMPILER_GENERATE_SWIFT_ASSET_SYMBOL_EXTENSIONS = YES;
				CLANG_ANALYZER_NONNULL = YES;
				CLANG_ANALYZER_NUMBER_OBJECT_CONVERSION = YES_AGGRESSIVE;
				CLANG_CXX_LANGUAGE_STANDARD = "gnu++20";
				CLANG_ENABLE_MODULES = YES;
				CLANG_ENABLE_OBJC_ARC = YES;
				CLANG_ENABLE_OBJC_WEAK = YES;
				CLANG_WARN_BLOCK_CAPTURE_AUTORELEASING = YES;
				CLANG_WARN_BOOL_CONVERSION = YES;
				CLANG_WARN_COMMA = YES;
				CLANG_WARN_CONSTANT_CONVERSION = YES;
				CLANG_WARN_DEPRECATED_OBJC_IMPLEMENTATIONS = YES;
				CLANG_WARN_DIRECT_OBJC_ISA_USAGE = YES_ERROR;
				CLANG_WARN_DOCUMENTATION_COMMENTS = YES;
				CLANG_WARN_EMPTY_BODY = YES;
				CLANG_WARN_ENUM_CONVERSION = YES;
				CLANG_WARN_INFINITE_RECURSION = YES;
				CLANG_WARN_INT_CONVERSION = YES;
				CLANG_WARN_NON_LITERAL_NULL_CONVERSION = YES;
				CLANG_WARN_OBJC_IMPLICIT_RETAIN_SELF = YES;
				CLANG_WARN_OBJC_LITERAL_CONVERSION = YES;
				CLANG_WARN_OBJC_ROOT_CLASS = YES_ERROR;
				CLANG_WARN_QUOTED_INCLUDE_IN_FRAMEWORK_HEADER = YES;
				CLANG_WARN_RANGE_LOOP_ANALYSIS = YES;
				CLANG_WARN_STRICT_PROTOTYPES = YES;
				CLANG_WARN_SUSPICIOUS_MOVE = YES;
				CLANG_WARN_UNGUARDED_AVAILABILITY = YES_AGGRESSIVE;
				CLANG_WARN_UNREACHABLE_CODE = YES;
				CLANG_WARN__DUPLICATE_METHOD_MATCH = YES;
				COPY_PHASE_STRIP = NO;
				DEBUG_INFORMATION_FORMAT = dwarf;
				ENABLE_STRICT_OBJC_MSGSEND = YES;
				ENABLE_TESTABILITY = YES;
				ENABLE_USER_SCRIPT_SANDBOXING = YES;
				GCC_C_LANGUAGE_STANDARD = gnu17;
				GCC_DYNAMIC_NO_PIC = NO;
				GCC_NO_COMMON_BLOCKS = YES;
				GCC_OPTIMIZATION_LEVEL = 0;
				GCC_PREPROCESSOR_DEFINITIONS = (
					"DEBUG=1",
					"$(inherited)",
				);
				GCC_WARN_64_TO_32_BIT_CONVERSION = YES;
				GCC_WARN_ABOUT_RETURN_TYPE = YES_ERROR;
				GCC_WARN_UNDECLARED_SELECTOR = YES;
				GCC_WARN_UNINITIALIZED_AUTOS = YES_AGGRESSIVE;
				GCC_WARN_UNUSED_FUNCTION = YES;
				GCC_WARN_UNUSED_VARIABLE = YES;
				IPHONEOS_DEPLOYMENT_TARGET = 26.2;
				LOCALIZATION_PREFERS_STRING_CATALOGS = YES;
				MTL_ENABLE_DEBUG_INFO = INCLUDE_SOURCE;
				MTL_FAST_MATH = YES;
				ONLY_ACTIVE_ARCH = YES;
				SDKROOT = iphoneos;
				SWIFT_ACTIVE_COMPILATION_CONDITIONS = "DEBUG $(inherited)";
				SWIFT_OPTIMIZATION_LEVEL = "-Onone";
			};
			name = Debug;
		};
		37BCA6622FAFC9940019B4BC /* Release */ = {
			isa = XCBuildConfiguration;
			buildSettings = {
				ALWAYS_SEARCH_USER_PATHS = NO;
				ASSETCATALOG_COMPILER_GENERATE_SWIFT_ASSET_SYMBOL_EXTENSIONS = YES;
				CLANG_ANALYZER_NONNULL = YES;
				CLANG_ANALYZER_NUMBER_OBJECT_CONVERSION = YES_AGGRESSIVE;
				CLANG_CXX_LANGUAGE_STANDARD = "gnu++20";
				CLANG_ENABLE_MODULES = YES;
				CLANG_ENABLE_OBJC_ARC = YES;
				CLANG_ENABLE_OBJC_WEAK = YES;
				CLANG_WARN_BLOCK_CAPTURE_AUTORELEASING = YES;
				CLANG_WARN_BOOL_CONVERSION = YES;
				CLANG_WARN_COMMA = YES;
				CLANG_WARN_CONSTANT_CONVERSION = YES;
				CLANG_WARN_DEPRECATED_OBJC_IMPLEMENTATIONS = YES;
				CLANG_WARN_DIRECT_OBJC_ISA_USAGE = YES_ERROR;
				CLANG_WARN_DOCUMENTATION_COMMENTS = YES;
				CLANG_WARN_EMPTY_BODY = YES;
				CLANG_WARN_ENUM_CONVERSION = YES;
				CLANG_WARN_INFINITE_RECURSION = YES;
				CLANG_WARN_INT_CONVERSION = YES;
				CLANG_WARN_NON_LITERAL_NULL_CONVERSION = YES;
				CLANG_WARN_OBJC_IMPLICIT_RETAIN_SELF = YES;
				CLANG_WARN_OBJC_LITERAL_CONVERSION = YES;
				CLANG_WARN_OBJC_ROOT_CLASS = YES_ERROR;
				CLANG_WARN_QUOTED_INCLUDE_IN_FRAMEWORK_HEADER = YES;
				CLANG_WARN_RANGE_LOOP_ANALYSIS = YES;
				CLANG_WARN_STRICT_PROTOTYPES = YES;
				CLANG_WARN_SUSPICIOUS_MOVE = YES;
				CLANG_WARN_UNGUARDED_AVAILABILITY = YES_AGGRESSIVE;
				CLANG_WARN_UNREACHABLE_CODE = YES;
				CLANG_WARN__DUPLICATE_METHOD_MATCH = YES;
				COPY_PHASE_STRIP = NO;
				DEBUG_INFORMATION_FORMAT = "dwarf-with-dsym";
				ENABLE_NS_ASSERTIONS = NO;
				ENABLE_STRICT_OBJC_MSGSEND = YES;
				ENABLE_USER_SCRIPT_SANDBOXING = YES;
				GCC_C_LANGUAGE_STANDARD = gnu17;
				GCC_NO_COMMON_BLOCKS = YES;
				GCC_WARN_64_TO_32_BIT_CONVERSION = YES;
				GCC_WARN_ABOUT_RETURN_TYPE = YES_ERROR;
				GCC_WARN_UNDECLARED_SELECTOR = YES;
				GCC_WARN_UNINITIALIZED_AUTOS = YES_AGGRESSIVE;
				GCC_WARN_UNUSED_FUNCTION = YES;
				GCC_WARN_UNUSED_VARIABLE = YES;
				IPHONEOS_DEPLOYMENT_TARGET = 26.2;
				LOCALIZATION_PREFERS_STRING_CATALOGS = YES;
				MTL_ENABLE_DEBUG_INFO = NO;
				MTL_FAST_MATH = YES;
				SDKROOT = iphoneos;
				SWIFT_COMPILATION_MODE = wholemodule;
				VALIDATE_PRODUCT = YES;
			};
			name = Release;
		};
		37BCA6642FAFC9940019B4BC /* Debug */ = {
			isa = XCBuildConfiguration;
			buildSettings = {
				ASSETCATALOG_COMPILER_APPICON_NAME = AppIcon;
				ASSETCATALOG_COMPILER_GLOBAL_ACCENT_COLOR_NAME = AccentColor;
				CODE_SIGN_STYLE = Automatic;
				CURRENT_PROJECT_VERSION = 1;
				ENABLE_PREVIEWS = YES;
				GENERATE_INFOPLIST_FILE = YES;
				INFOPLIST_KEY_UIApplicationSceneManifest_Generation = YES;
				INFOPLIST_KEY_UIApplicationSupportsIndirectInputEvents = YES;
				INFOPLIST_KEY_UILaunchScreen_Generation = YES;
				INFOPLIST_KEY_UISupportedInterfaceOrientations_iPad = "UIInterfaceOrientationPortrait UIInterfaceOrientationPortraitUpsideDown UIInterfaceOrientationLandscapeLeft UIInterfaceOrientationLandscapeRight";
				INFOPLIST_KEY_UISupportedInterfaceOrientations_iPhone = "UIInterfaceOrientationPortrait UIInterfaceOrientationLandscapeLeft UIInterfaceOrientationLandscapeRight";
				LD_RUNPATH_SEARCH_PATHS = (
					"$(inherited)",
					"@executable_path/Frameworks",
				);
				MARKETING_VERSION = 1.0;
				PRODUCT_BUNDLE_IDENTIFIER = "demo.odoo-ios-task-manager.odoo-ios-task-manager";
				PRODUCT_NAME = "$(TARGET_NAME)";
				STRING_CATALOG_GENERATE_SYMBOLS = YES;
				SWIFT_APPROACHABLE_CONCURRENCY = YES;
				SWIFT_DEFAULT_ACTOR_ISOLATION = MainActor;
				SWIFT_EMIT_LOC_STRINGS = YES;
				SWIFT_UPCOMING_FEATURE_MEMBER_IMPORT_VISIBILITY = YES;
				SWIFT_VERSION = 5.0;
				TARGETED_DEVICE_FAMILY = "1,2";
			};
			name = Debug;
		};
		37BCA6652FAFC9940019B4BC /* Release */ = {
			isa = XCBuildConfiguration;
			buildSettings = {
				ASSETCATALOG_COMPILER_APPICON_NAME = AppIcon;
				ASSETCATALOG_COMPILER_GLOBAL_ACCENT_COLOR_NAME = AccentColor;
				CODE_SIGN_STYLE = Automatic;
				CURRENT_PROJECT_VERSION = 1;
				ENABLE_PREVIEWS = YES;
				GENERATE_INFOPLIST_FILE = YES;
				INFOPLIST_KEY_UIApplicationSceneManifest_Generation = YES;
				INFOPLIST_KEY_UIApplicationSupportsIndirectInputEvents = YES;
				INFOPLIST_KEY_UILaunchScreen_Generation = YES;
				INFOPLIST_KEY_UISupportedInterfaceOrientations_iPad = "UIInterfaceOrientationPortrait UIInterfaceOrientationPortraitUpsideDown UIInterfaceOrientationLandscapeLeft UIInterfaceOrientationLandscapeRight";
				INFOPLIST_KEY_UISupportedInterfaceOrientations_iPhone = "UIInterfaceOrientationPortrait UIInterfaceOrientationLandscapeLeft UIInterfaceOrientationLandscapeRight";
				LD_RUNPATH_SEARCH_PATHS = (
					"$(inherited)",
					"@executable_path/Frameworks",
				);
				MARKETING_VERSION = 1.0;
				PRODUCT_BUNDLE_IDENTIFIER = "demo.odoo-ios-task-manager.odoo-ios-task-manager";
				PRODUCT_NAME = "$(TARGET_NAME)";
				STRING_CATALOG_GENERATE_SYMBOLS = YES;
				SWIFT_APPROACHABLE_CONCURRENCY = YES;
				SWIFT_DEFAULT_ACTOR_ISOLATION = MainActor;
				SWIFT_EMIT_LOC_STRINGS = YES;
				SWIFT_UPCOMING_FEATURE_MEMBER_IMPORT_VISIBILITY = YES;
				SWIFT_VERSION = 5.0;
				TARGETED_DEVICE_FAMILY = "1,2";
			};
			name = Release;
		};
		37BCA6672FAFC9940019B4BC /* Debug */ = {
			isa = XCBuildConfiguration;
			buildSettings = {
				BUNDLE_LOADER = "$(TEST_HOST)";
				CODE_SIGN_STYLE = Automatic;
				CURRENT_PROJECT_VERSION = 1;
				GENERATE_INFOPLIST_FILE = YES;
				IPHONEOS_DEPLOYMENT_TARGET = 26.2;
				MARKETING_VERSION = 1.0;
				PRODUCT_BUNDLE_IDENTIFIER = "demo.odoo-ios-task-manager.odoo-ios-task-managerTests";
				PRODUCT_NAME = "$(TARGET_NAME)";
				STRING_CATALOG_GENERATE_SYMBOLS = NO;
				SWIFT_APPROACHABLE_CONCURRENCY = YES;
				SWIFT_EMIT_LOC_STRINGS = NO;
				SWIFT_UPCOMING_FEATURE_MEMBER_IMPORT_VISIBILITY = YES;
				SWIFT_VERSION = 5.0;
				TARGETED_DEVICE_FAMILY = "1,2";
				TEST_HOST = "$(BUILT_PRODUCTS_DIR)/odoo-ios-task-manager.app/$(BUNDLE_EXECUTABLE_FOLDER_PATH)/odoo-ios-task-manager";
			};
			name = Debug;
		};
		37BCA6682FAFC9940019B4BC /* Release */ = {
			isa = XCBuildConfiguration;
			buildSettings = {
				BUNDLE_LOADER = "$(TEST_HOST)";
				CODE_SIGN_STYLE = Automatic;
				CURRENT_PROJECT_VERSION = 1;
				GENERATE_INFOPLIST_FILE = YES;
				IPHONEOS_DEPLOYMENT_TARGET = 26.2;
				MARKETING_VERSION = 1.0;
				PRODUCT_BUNDLE_IDENTIFIER = "demo.odoo-ios-task-manager.odoo-ios-task-managerTests";
				PRODUCT_NAME = "$(TARGET_NAME)";
				STRING_CATALOG_GENERATE_SYMBOLS = NO;
				SWIFT_APPROACHABLE_CONCURRENCY = YES;
				SWIFT_EMIT_LOC_STRINGS = NO;
				SWIFT_UPCOMING_FEATURE_MEMBER_IMPORT_VISIBILITY = YES;
				SWIFT_VERSION = 5.0;
				TARGETED_DEVICE_FAMILY = "1,2";
				TEST_HOST = "$(BUILT_PRODUCTS_DIR)/odoo-ios-task-manager.app/$(BUNDLE_EXECUTABLE_FOLDER_PATH)/odoo-ios-task-manager";
			};
			name = Release;
		};
		37BCA66A2FAFC9940019B4BC /* Debug */ = {
			isa = XCBuildConfiguration;
			buildSettings = {
				CODE_SIGN_STYLE = Automatic;
				CURRENT_PROJECT_VERSION = 1;
				GENERATE_INFOPLIST_FILE = YES;
				MARKETING_VERSION = 1.0;
				PRODUCT_BUNDLE_IDENTIFIER = "demo.odoo-ios-task-manager.odoo-ios-task-managerUITests";
				PRODUCT_NAME = "$(TARGET_NAME)";
				STRING_CATALOG_GENERATE_SYMBOLS = NO;
				SWIFT_APPROACHABLE_CONCURRENCY = YES;
				SWIFT_EMIT_LOC_STRINGS = NO;
				SWIFT_UPCOMING_FEATURE_MEMBER_IMPORT_VISIBILITY = YES;
				SWIFT_VERSION = 5.0;
				TARGETED_DEVICE_FAMILY = "1,2";
				TEST_TARGET_NAME = "odoo-ios-task-manager";
			};
			name = Debug;
		};
		37BCA66B2FAFC9940019B4BC /* Release */ = {
			isa = XCBuildConfiguration;
			buildSettings = {
				CODE_SIGN_STYLE = Automatic;
				CURRENT_PROJECT_VERSION = 1;
				GENERATE_INFOPLIST_FILE = YES;
				MARKETING_VERSION = 1.0;
				PRODUCT_BUNDLE_IDENTIFIER = "demo.odoo-ios-task-manager.odoo-ios-task-managerUITests";
				PRODUCT_NAME = "$(TARGET_NAME)";
				STRING_CATALOG_GENERATE_SYMBOLS = NO;
				SWIFT_APPROACHABLE_CONCURRENCY = YES;
				SWIFT_EMIT_LOC_STRINGS = NO;
				SWIFT_UPCOMING_FEATURE_MEMBER_IMPORT_VISIBILITY = YES;
				SWIFT_VERSION = 5.0;
				TARGETED_DEVICE_FAMILY = "1,2";
				TEST_TARGET_NAME = "odoo-ios-task-manager";
			};
			name = Release;
		};
/* End XCBuildConfiguration section */

/* Begin XCConfigurationList section */
		37BCA63D2FAFC9920019B4BC /* Build configuration list for PBXProject "odoo-ios-task-manager" */ = {
			isa = XCConfigurationList;
			buildConfigurations = (
				37BCA6612FAFC9940019B4BC /* Debug */,
				37BCA6622FAFC9940019B4BC /* Release */,
			);
			defaultConfigurationIsVisible = 0;
			defaultConfigurationName = Release;
		};
		37BCA6632FAFC9940019B4BC /* Build configuration list for PBXNativeTarget "odoo-ios-task-manager" */ = {
			isa = XCConfigurationList;
			buildConfigurations = (
				37BCA6642FAFC9940019B4BC /* Debug */,
				37BCA6652FAFC9940019B4BC /* Release */,
			);
			defaultConfigurationIsVisible = 0;
			defaultConfigurationName = Release;
		};
		37BCA6662FAFC9940019B4BC /* Build configuration list for PBXNativeTarget "odoo-ios-task-managerTests" */ = {
			isa = XCConfigurationList;
			buildConfigurations = (
				37BCA6672FAFC9940019B4BC /* Debug */,
				37BCA6682FAFC9940019B4BC /* Release */,
			);
			defaultConfigurationIsVisible = 0;
			defaultConfigurationName = Release;
		};
		37BCA6692FAFC9940019B4BC /* Build configuration list for PBXNativeTarget "odoo-ios-task-managerUITests" */ = {
			isa = XCConfigurationList;
			buildConfigurations = (
				37BCA66A2FAFC9940019B4BC /* Debug */,
				37BCA66B2FAFC9940019B4BC /* Release */,
			);
			defaultConfigurationIsVisible = 0;
			defaultConfigurationName = Release;
		};
/* End XCConfigurationList section */
	};
	rootObject = 37BCA63A2FAFC9920019B4BC /* Project object */;
}
